
Microsoft Visual Studio Solution File, Format Version 12.00
# Visual Studio Version 17
VisualStudioVersion = 17.6.33723.286
MinimumVisualStudioVersion = 10.0.40219.1
Project("{FAE04EC0-301F-11D3-BF4B-00C04F79EFBC}") = "WinFormGym", "WinFormGym\WinFormGym.csproj", "{72561B12-2C08-4643-86A6-46C98F5B78EC}"
EndProject
Global
	GlobalSection(SolutionConfigurationPlatforms) = preSolution
		Debug|Any CPU = Debug|Any CPU
		Release|Any CPU = Release|Any CPU
	EndGlobalSection
	GlobalSection(ProjectConfigurationPlatforms) = postSolution
		{72561B12-2C08-4643-86A6-46C98F5B78EC}.Debug|Any CPU.ActiveCfg = Debug|Any CPU
		{72561B12-2C08-4643-86A6-46C98F5B78EC}.Debug|Any CPU.Build.0 = Debug|Any CPU
		{72561B12-2C08-4643-86A6-46C98F5B78EC}.Release|Any CPU.ActiveCfg = Release|Any CPU
		{72561B12-2C08-4643-86A6-46C98F5B78EC}.Release|Any CPU.Build.0 = Release|Any CPU
	EndGlobalSection
	GlobalSection(SolutionProperties) = preSolution
		HideSolutionNode = FALSE
	EndGlobalSection
	GlobalSection(ExtensibilityGlobals) = postSolution
		SolutionGuid = {EB2D0B80-0B8A-4647-A4F9-0B7A15004423}
	EndGlobalSection
EndGlobal
